{
  "version": 4,
  "terraform_version": "1.14.7",
  "serial": 10,
  "lineage": "071371ae-ad05-20bc-a6c2-de54aee64b8a",
  "outputs": {},
  "resources": [
    {
      "module": "module.public_ip",
      "mode": "managed",
      "type": "azurerm_public_ip",
      "name": "PublicIP",
      "provider": "provider[\"registry.terraform.io/hashicorp/azurerm\"]",
      "instances": [
        {
          "index_key": "public_ip_1",
          "schema_version": 0,
          "attributes": {
            "allocation_method": "Static",
            "ddos_protection_mode": "VirtualNetworkInherited",
            "ddos_protection_plan_id": null,
            "domain_name_label": "",
            "domain_name_label_scope": "",
            "edge_zone": "",
            "fqdn": "",
            "id": "/subscriptions/ebf257b6-11b1-4f28-b540-3ec53e66cb8f/resourceGroups/DeveloperRG/providers/Microsoft.Network/publicIPAddresses/public-ip-1",
            "idle_timeout_in_minutes": 4,
            "ip_address": "20.198.7.193",
            "ip_tags": null,
            "ip_version": "IPv4",
            "location": "centralindia",
            "name": "public-ip-1",
            "public_ip_prefix_id": null,
            "resource_group_name": "DeveloperRG",
            "reverse_fqdn": "",
            "sku": "Standard",
            "sku_tier": "Regional",
            "tags": {
              "environment": "dev"
            },
            "timeouts": null,
            "zones": null
          },
          "sensitive_attributes": [],
          "identity_schema_version": 0,
          "identity": {
            "name": "public-ip-1",
            "resource_group_name": "DeveloperRG",
            "subscription_id": "ebf257b6-11b1-4f28-b540-3ec53e66cb8f"
          },
          "private": "eyJlMmJmYjczMC1lY2FhLTExZTYtOGY4OC0zNDM2M2JjN2M0YzAiOnsiY3JlYXRlIjoxODAwMDAwMDAwMDAwLCJkZWxldGUiOjE4MDAwMDAwMDAwMDAsInJlYWQiOjMwMDAwMDAwMDAwMCwidXBkYXRlIjoxODAwMDAwMDAwMDAwfX0=",
          "dependencies": [
            "module.resource_group.azurerm_resource_group.rg"
          ]
        }
      ]
    },
    {
      "module": "module.resource_group",
      "mode": "managed",
      "type": "azurerm_resource_group",
      "name": "rg",
      "provider": "provider[\"registry.terraform.io/hashicorp/azurerm\"]",
      "instances": [
        {
          "index_key": "rg1",
          "schema_version": 0,
          "attributes": {
            "id": "/subscriptions/ebf257b6-11b1-4f28-b540-3ec53e66cb8f/resourceGroups/DeveloperRG",
            "location": "centralindia",
            "managed_by": "",
            "name": "DeveloperRG",
            "tags": {
              "environment": "dev"
            },
            "timeouts": null
          },
          "sensitive_attributes": [],
          "identity_schema_version": 0,
          "identity": {
            "name": "DeveloperRG",
            "subscription_id": "ebf257b6-11b1-4f28-b540-3ec53e66cb8f"
          },
          "private": "eyJlMmJmYjczMC1lY2FhLTExZTYtOGY4OC0zNDM2M2JjN2M0YzAiOnsiY3JlYXRlIjo1NDAwMDAwMDAwMDAwLCJkZWxldGUiOjU0MDAwMDAwMDAwMDAsInJlYWQiOjMwMDAwMDAwMDAwMCwidXBkYXRlIjo1NDAwMDAwMDAwMDAwfX0="
        }
      ]
    },
    {
      "module": "module.subnets",
      "mode": "managed",
      "type": "azurerm_subnet",
      "name": "subnet",
      "provider": "provider[\"registry.terraform.io/hashicorp/azurerm\"]",
      "instances": [
        {
          "index_key": "subnet1",
          "schema_version": 0,
          "attributes": {
            "address_prefixes": [
              "10.0.1.0/24"
            ],
            "default_outbound_access_enabled": true,
            "delegation": [],
            "id": "/subscriptions/ebf257b6-11b1-4f28-b540-3ec53e66cb8f/resourceGroups/DeveloperRG/providers/Microsoft.Network/virtualNetworks/virtual-network/subnets/Frontend-subnet",
            "ip_address_pool": [],
            "name": "Frontend-subnet",
            "network_security_group_id": "",
            "network_security_group_id_wo": null,
            "network_security_group_id_wo_version": 0,
            "private_endpoint_network_policies": "Disabled",
            "private_link_service_network_policies_enabled": true,
            "resource_group_name": "DeveloperRG",
            "route_table_id": "",
            "route_table_id_wo": null,
            "route_table_id_wo_version": 0,
            "service_endpoint": [],
            "service_endpoint_policy_ids": null,
            "sharing_scope": "",
            "timeouts": null,
            "virtual_network_name": "virtual-network"
          },
          "sensitive_attributes": [],
          "identity_schema_version": 0,
          "identity": {
            "name": "Frontend-subnet",
            "resource_group_name": "DeveloperRG",
            "subscription_id": "ebf257b6-11b1-4f28-b540-3ec53e66cb8f",
            "virtual_network_name": "virtual-network"
          },
          "private": "eyJlMmJmYjczMC1lY2FhLTExZTYtOGY4OC0zNDM2M2JjN2M0YzAiOnsiY3JlYXRlIjoxODAwMDAwMDAwMDAwLCJkZWxldGUiOjE4MDAwMDAwMDAwMDAsInJlYWQiOjMwMDAwMDAwMDAwMCwidXBkYXRlIjoxODAwMDAwMDAwMDAwfX0=",
          "dependencies": [
            "module.resource_group.azurerm_resource_group.rg",
            "module.virtual_network.azurerm_virtual_network.vnet"
          ]
        },
        {
          "index_key": "subnet2",
          "schema_version": 0,
          "attributes": {
            "address_prefixes": [
              "10.0.2.0/24"
            ],
            "default_outbound_access_enabled": true,
            "delegation": [],
            "id": "/subscriptions/ebf257b6-11b1-4f28-b540-3ec53e66cb8f/resourceGroups/DeveloperRG/providers/Microsoft.Network/virtualNetworks/virtual-network/subnets/Backend-subnet",
            "ip_address_pool": [],
            "name": "Backend-subnet",
            "network_security_group_id": "",
            "network_security_group_id_wo": null,
            "network_security_group_id_wo_version": 0,
            "private_endpoint_network_policies": "Disabled",
            "private_link_service_network_policies_enabled": true,
            "resource_group_name": "DeveloperRG",
            "route_table_id": "",
            "route_table_id_wo": null,
            "route_table_id_wo_version": 0,
            "service_endpoint": [],
            "service_endpoint_policy_ids": null,
            "sharing_scope": "",
            "timeouts": null,
            "virtual_network_name": "virtual-network"
          },
          "sensitive_attributes": [],
          "identity_schema_version": 0,
          "identity": {
            "name": "Backend-subnet",
            "resource_group_name": "DeveloperRG",
            "subscription_id": "ebf257b6-11b1-4f28-b540-3ec53e66cb8f",
            "virtual_network_name": "virtual-network"
          },
          "private": "eyJlMmJmYjczMC1lY2FhLTExZTYtOGY4OC0zNDM2M2JjN2M0YzAiOnsiY3JlYXRlIjoxODAwMDAwMDAwMDAwLCJkZWxldGUiOjE4MDAwMDAwMDAwMDAsInJlYWQiOjMwMDAwMDAwMDAwMCwidXBkYXRlIjoxODAwMDAwMDAwMDAwfX0=",
          "dependencies": [
            "module.resource_group.azurerm_resource_group.rg",
            "module.virtual_network.azurerm_virtual_network.vnet"
          ]
        }
      ]
    },
    {
      "module": "module.virtual_machine",
      "mode": "data",
      "type": "azurerm_public_ip",
      "name": "pipID",
      "provider": "provider[\"registry.terraform.io/hashicorp/azurerm\"]",
      "instances": [
        {
          "index_key": "vm1",
          "schema_version": 0,
          "attributes": {
            "allocation_method": "Static",
            "ddos_protection_mode": "VirtualNetworkInherited",
            "ddos_protection_plan_id": null,
            "domain_name_label": "",
            "fqdn": "",
            "id": "/subscriptions/ebf257b6-11b1-4f28-b540-3ec53e66cb8f/resourceGroups/DeveloperRG/providers/Microsoft.Network/publicIPAddresses/public-ip-1",
            "idle_timeout_in_minutes": 4,
            "ip_address": "20.198.7.193",
            "ip_tags": {},
            "ip_version": "IPv4",
            "location": "centralindia",
            "name": "public-ip-1",
            "resource_group_name": "DeveloperRG",
            "reverse_fqdn": "",
            "sku": "Standard",
            "tags": {
              "environment": "dev"
            },
            "timeouts": null,
            "zones": []
          },
          "sensitive_attributes": [],
          "identity_schema_version": 0
        }
      ]
    },
    {
      "module": "module.virtual_machine",
      "mode": "data",
      "type": "azurerm_subnet",
      "name": "subnetID",
      "provider": "provider[\"registry.terraform.io/hashicorp/azurerm\"]",
      "instances": [
        {
          "index_key": "vm1",
          "schema_version": 0,
          "attributes": {
            "address_prefix": "",
            "address_prefixes": [
              "10.0.1.0/24"
            ],
            "default_outbound_access_enabled": true,
            "id": "/subscriptions/ebf257b6-11b1-4f28-b540-3ec53e66cb8f/resourceGroups/DeveloperRG/providers/Microsoft.Network/virtualNetworks/virtual-network/subnets/Frontend-subnet",
            "name": "Frontend-subnet",
            "network_security_group_id": "",
            "private_endpoint_network_policies": "Disabled",
            "private_link_service_network_policies_enabled": true,
            "resource_group_name": "DeveloperRG",
            "route_table_id": "",
            "service_endpoint": [],
            "timeouts": null,
            "virtual_network_name": "virtual-network"
          },
          "sensitive_attributes": [],
          "identity_schema_version": 0
        }
      ]
    },
    {
      "module": "module.virtual_machine",
      "mode": "managed",
      "type": "azurerm_linux_virtual_machine",
      "name": "vm",
      "provider": "provider[\"registry.terraform.io/hashicorp/azurerm\"]",
      "instances": [
        {
          "index_key": "vm1",
          "schema_version": 0,
          "attributes": {
            "additional_capabilities": [],
            "admin_password": "P@ssw0rd123!",
            "admin_ssh_key": [],
            "admin_username": "adminuser",
            "allow_extension_operations": true,
            "availability_set_id": "",
            "boot_diagnostics": [],
            "bypass_platform_safety_checks_on_user_schedule_enabled": false,
            "capacity_reservation_group_id": "",
            "computer_name": "FrontendVM1",
            "custom_data": null,
            "dedicated_host_group_id": "",
            "dedicated_host_id": "",
            "disable_password_authentication": false,
            "disk_controller_type": "",
            "edge_zone": "",
            "encryption_at_host_enabled": false,
            "eviction_policy": "",
            "extensions_time_budget": "PT1H30M",
            "gallery_application": [],
            "id": "/subscriptions/ebf257b6-11b1-4f28-b540-3ec53e66cb8f/resourceGroups/DeveloperRG/providers/Microsoft.Compute/virtualMachines/FrontendVM1",
            "identity": [],
            "license_type": "",
            "location": "centralindia",
            "max_bid_price": -1,
            "name": "FrontendVM1",
            "network_interface_ids": [
              "/subscriptions/ebf257b6-11b1-4f28-b540-3ec53e66cb8f/resourceGroups/DeveloperRG/providers/Microsoft.Network/networkInterfaces/FrontendVM1-nic"
            ],
            "os_disk": [
              {
                "caching": "ReadWrite",
                "diff_disk_settings": [],
                "disk_encryption_set_id": "",
                "disk_size_gb": 30,
                "id": "/subscriptions/ebf257b6-11b1-4f28-b540-3ec53e66cb8f/resourceGroups/DeveloperRG/providers/Microsoft.Compute/disks/FrontendVM1_disk1_badf6e8ea9ba4c1fa9433e1f34c505e5",
                "name": "FrontendVM1_disk1_badf6e8ea9ba4c1fa9433e1f34c505e5",
                "secure_vm_disk_encryption_set_id": "",
                "security_encryption_type": "",
                "storage_account_type": "Standard_LRS",
                "write_accelerator_enabled": false
              }
            ],
            "os_image_notification": [],
            "os_managed_disk_id": "/subscriptions/ebf257b6-11b1-4f28-b540-3ec53e66cb8f/resourceGroups/DeveloperRG/providers/Microsoft.Compute/disks/FrontendVM1_disk1_badf6e8ea9ba4c1fa9433e1f34c505e5",
            "patch_assessment_mode": "ImageDefault",
            "patch_mode": "ImageDefault",
            "plan": [],
            "platform_fault_domain": -1,
            "priority": "Regular",
            "private_ip_address": "10.0.1.4",
            "private_ip_addresses": [
              "10.0.1.4"
            ],
            "provision_vm_agent": true,
            "proximity_placement_group_id": "",
            "public_ip_address": "20.198.7.193",
            "public_ip_addresses": [
              "20.198.7.193"
            ],
            "reboot_setting": "",
            "resource_group_name": "DeveloperRG",
            "secret": [],
            "secure_boot_enabled": false,
            "size": "Standard_D4_v5",
            "source_image_id": "",
            "source_image_reference": [
              {
                "offer": "0001-com-ubuntu-server-jammy",
                "publisher": "Canonical",
                "sku": "22_04-lts",
                "version": "latest"
              }
            ],
            "tags": null,
            "termination_notification": null,
            "timeouts": null,
            "user_data": "",
            "virtual_machine_id": "d422e439-e51a-4c19-bf1f-0e2c6ee3687e",
            "virtual_machine_scale_set_id": "",
            "vm_agent_platform_updates_enabled": false,
            "vtpm_enabled": false,
            "zone": ""
          },
          "sensitive_attributes": [
            [
              {
                "type": "get_attr",
                "value": "admin_password"
              }
            ],
            [
              {
                "type": "get_attr",
                "value": "custom_data"
              }
            ]
          ],
          "identity_schema_version": 0,
          "private": "eyJlMmJmYjczMC1lY2FhLTExZTYtOGY4OC0zNDM2M2JjN2M0YzAiOnsiY3JlYXRlIjoyNzAwMDAwMDAwMDAwLCJkZWxldGUiOjI3MDAwMDAwMDAwMDAsInJlYWQiOjMwMDAwMDAwMDAwMCwidXBkYXRlIjoyNzAwMDAwMDAwMDAwfX0=",
          "dependencies": [
            "module.public_ip.azurerm_public_ip.PublicIP",
            "module.resource_group.azurerm_resource_group.rg",
            "module.subnets.azurerm_subnet.subnet",
            "module.virtual_machine.azurerm_network_interface.nic",
            "module.virtual_machine.data.azurerm_public_ip.pipID",
            "module.virtual_machine.data.azurerm_subnet.subnetID",
            "module.virtual_network.azurerm_virtual_network.vnet"
          ]
        }
      ]
    },
    {
      "module": "module.virtual_machine",
      "mode": "managed",
      "type": "azurerm_network_interface",
      "name": "nic",
      "provider": "provider[\"registry.terraform.io/hashicorp/azurerm\"]",
      "instances": [
        {
          "index_key": "vm1",
          "schema_version": 0,
          "attributes": {
            "accelerated_networking_enabled": false,
            "applied_dns_servers": [],
            "auxiliary_mode": "",
            "auxiliary_sku": "",
            "dns_servers": null,
            "edge_zone": "",
            "id": "/subscriptions/ebf257b6-11b1-4f28-b540-3ec53e66cb8f/resourceGroups/DeveloperRG/providers/Microsoft.Network/networkInterfaces/FrontendVM1-nic",
            "internal_dns_name_label": "",
            "internal_domain_name_suffix": "0sa4wqobru4udorzbtniwvdstc.rx.internal.cloudapp.net",
            "ip_configuration": [
              {
                "gateway_load_balancer_frontend_ip_configuration_id": "",
                "name": "internal",
                "primary": true,
                "private_ip_address": "10.0.1.4",
                "private_ip_address_allocation": "Dynamic",
                "private_ip_address_version": "IPv4",
                "public_ip_address_id": "/subscriptions/ebf257b6-11b1-4f28-b540-3ec53e66cb8f/resourceGroups/DeveloperRG/providers/Microsoft.Network/publicIPAddresses/public-ip-1",
                "subnet_id": "/subscriptions/ebf257b6-11b1-4f28-b540-3ec53e66cb8f/resourceGroups/DeveloperRG/providers/Microsoft.Network/virtualNetworks/virtual-network/subnets/Frontend-subnet"
              }
            ],
            "ip_forwarding_enabled": false,
            "location": "centralindia",
            "mac_address": "",
            "name": "FrontendVM1-nic",
            "private_ip_address": "10.0.1.4",
            "private_ip_addresses": [
              "10.0.1.4"
            ],
            "resource_group_name": "DeveloperRG",
            "tags": null,
            "timeouts": null,
            "virtual_machine_id": ""
          },
          "sensitive_attributes": [],
          "identity_schema_version": 0,
          "identity": {
            "name": "FrontendVM1-nic",
            "resource_group_name": "DeveloperRG",
            "subscription_id": "ebf257b6-11b1-4f28-b540-3ec53e66cb8f"
          },
          "private": "eyJlMmJmYjczMC1lY2FhLTExZTYtOGY4OC0zNDM2M2JjN2M0YzAiOnsiY3JlYXRlIjoxODAwMDAwMDAwMDAwLCJkZWxldGUiOjE4MDAwMDAwMDAwMDAsInJlYWQiOjMwMDAwMDAwMDAwMCwidXBkYXRlIjoxODAwMDAwMDAwMDAwfX0=",
          "dependencies": [
            "module.public_ip.azurerm_public_ip.PublicIP",
            "module.resource_group.azurerm_resource_group.rg",
            "module.subnets.azurerm_subnet.subnet",
            "module.virtual_machine.data.azurerm_public_ip.pipID",
            "module.virtual_machine.data.azurerm_subnet.subnetID",
            "module.virtual_network.azurerm_virtual_network.vnet"
          ]
        }
      ]
    },
    {
      "module": "module.virtual_network",
      "mode": "managed",
      "type": "azurerm_virtual_network",
      "name": "vnet",
      "provider": "provider[\"registry.terraform.io/hashicorp/azurerm\"]",
      "instances": [
        {
          "index_key": "vnet1",
          "schema_version": 0,
          "attributes": {
            "address_space": [
              "10.0.0.0/16"
            ],
            "bgp_community": "",
            "ddos_protection_plan": [],
            "dns_servers": [],
            "edge_zone": "",
            "encryption": [],
            "flow_timeout_in_minutes": 0,
            "guid": "41eb81d4-8dc1-413d-ba39-0cda8b54729a",
            "id": "/subscriptions/ebf257b6-11b1-4f28-b540-3ec53e66cb8f/resourceGroups/DeveloperRG/providers/Microsoft.Network/virtualNetworks/virtual-network",
            "ip_address_pool": [],
            "location": "centralindia",
            "name": "virtual-network",
            "private_endpoint_vnet_policies": "Disabled",
            "resource_group_name": "DeveloperRG",
            "subnet": [],
            "tags": {
              "environment": "dev"
            },
            "timeouts": null
          },
          "sensitive_attributes": [],
          "identity_schema_version": 0,
          "identity": {
            "name": "virtual-network",
            "resource_group_name": "DeveloperRG",
            "subscription_id": "ebf257b6-11b1-4f28-b540-3ec53e66cb8f"
          },
          "private": "eyJlMmJmYjczMC1lY2FhLTExZTYtOGY4OC0zNDM2M2JjN2M0YzAiOnsiY3JlYXRlIjoxODAwMDAwMDAwMDAwLCJkZWxldGUiOjE4MDAwMDAwMDAwMDAsInJlYWQiOjMwMDAwMDAwMDAwMCwidXBkYXRlIjoxODAwMDAwMDAwMDAwfX0=",
          "dependencies": [
            "module.resource_group.azurerm_resource_group.rg"
          ]
        }
      ]
    }
  ],
  "check_results": null
}
